// !$*UTF8*$!
{
	archiveVersion = 1;
	classes = {
	};
	objectVersion = 56;
	objects = {

/* Begin PBXBuildFile section */
		442835452A9B8D24007514E7 /* FeedImageDataLoaderWithFallbackComposite.swift in Sources */ = {isa = PBXBuildFile; fileRef = 442835442A9B8D24007514E7 /* FeedImageDataLoaderWithFallbackComposite.swift */; };
		442835482A9B8E35007514E7 /* XCTestCase+MemoryLeakTracking.swift in Sources */ = {isa = PBXBuildFile; fileRef = 442835472A9B8E35007514E7 /* XCTestCase+MemoryLeakTracking.swift */; };
		4428354A2A9B8F2C007514E7 /* SharedTestHelpers.swift in Sources */ = {isa = PBXBuildFile; fileRef = 442835492A9B8F2C007514E7 /* SharedTestHelpers.swift */; };
		4428354C2A9B9F44007514E7 /* FeedLoaderCacheDecoratorTests.swift in Sources */ = {isa = PBXBuildFile; fileRef = 4428354B2A9B9F44007514E7 /* FeedLoaderCacheDecoratorTests.swift */; };
		4441280B2AACF82300129552 /* FeedImageDataLoaderCacheDecoratorTests.swift in Sources */ = {isa = PBXBuildFile; fileRef = 4441280A2AACF82300129552 /* FeedImageDataLoaderCacheDecoratorTests.swift */; };
		4441280D2AACFBBF00129552 /* FeedImageDataLoaderSpy.swift in Sources */ = {isa = PBXBuildFile; fileRef = 4441280C2AACFBBF00129552 /* FeedImageDataLoaderSpy.swift */; };
		4441280F2AACFD9F00129552 /* FeedImageDataLoaderTestCase.swift in Sources */ = {isa = PBXBuildFile; fileRef = 4441280E2AACFD9F00129552 /* FeedImageDataLoaderTestCase.swift */; };
		444128132AAD160700129552 /* FeedImageDataLoaderDecorator.swift in Sources */ = {isa = PBXBuildFile; fileRef = 444128122AAD160700129552 /* FeedImageDataLoaderDecorator.swift */; };
		4449DDAC2A93B6E3005A9D2E /* AppDelegate.swift in Sources */ = {isa = PBXBuildFile; fileRef = 4449DDAB2A93B6E3005A9D2E /* AppDelegate.swift */; };
		4449DDAE2A93B6E3005A9D2E /* SceneDelegate.swift in Sources */ = {isa = PBXBuildFile; fileRef = 4449DDAD2A93B6E3005A9D2E /* SceneDelegate.swift */; };
		4449DDB02A93B6E3005A9D2E /* ViewController.swift in Sources */ = {isa = PBXBuildFile; fileRef = 4449DDAF2A93B6E3005A9D2E /* ViewController.swift */; };
		4449DDB32A93B6E3005A9D2E /* Main.storyboard in Resources */ = {isa = PBXBuildFile; fileRef = 4449DDB12A93B6E3005A9D2E /* Main.storyboard */; };
		4449DDB52A93B6E4005A9D2E /* Assets.xcassets in Resources */ = {isa = PBXBuildFile; fileRef = 4449DDB42A93B6E4005A9D2E /* Assets.xcassets */; };
		4449DDB82A93B6E4005A9D2E /* LaunchScreen.storyboard in Resources */ = {isa = PBXBuildFile; fileRef = 4449DDB62A93B6E4005A9D2E /* LaunchScreen.storyboard */; };
		4449DDC32A93B6E4005A9D2E /* FeedLoaderWithFallbackCompositeTests.swift in Sources */ = {isa = PBXBuildFile; fileRef = 4449DDC22A93B6E4005A9D2E /* FeedLoaderWithFallbackCompositeTests.swift */; };
		4449DDDE2A94707B005A9D2E /* EssentialFeed.framework in Frameworks */ = {isa = PBXBuildFile; fileRef = 4449DDDC2A94707B005A9D2E /* EssentialFeed.framework */; };
		4449DDDF2A94707B005A9D2E /* EssentialFeed.framework in Embed Frameworks */ = {isa = PBXBuildFile; fileRef = 4449DDDC2A94707B005A9D2E /* EssentialFeed.framework */; settings = {ATTRIBUTES = (CodeSignOnCopy, RemoveHeadersOnCopy, ); }; };
		4449DDE02A94707B005A9D2E /* EssentialFeediOS.framework in Frameworks */ = {isa = PBXBuildFile; fileRef = 4449DDDD2A94707B005A9D2E /* EssentialFeediOS.framework */; };
		4449DDE12A94707B005A9D2E /* EssentialFeediOS.framework in Embed Frameworks */ = {isa = PBXBuildFile; fileRef = 4449DDDD2A94707B005A9D2E /* EssentialFeediOS.framework */; settings = {ATTRIBUTES = (CodeSignOnCopy, RemoveHeadersOnCopy, ); }; };
		4449DDE42A98E105005A9D2E /* FeedLoaderWithFallbackComposite.swift in Sources */ = {isa = PBXBuildFile; fileRef = 4449DDE32A98E105005A9D2E /* FeedLoaderWithFallbackComposite.swift */; };
		4449DDE62A98E288005A9D2E /* FeedImageDataLoaderWithFallbackCompositeTests.swift in Sources */ = {isa = PBXBuildFile; fileRef = 4449DDE52A98E288005A9D2E /* FeedImageDataLoaderWithFallbackCompositeTests.swift */; };
		446CF32C2ABCF22400EDC606 /* HTTPClientStub.swift in Sources */ = {isa = PBXBuildFile; fileRef = 446CF32B2ABCF22400EDC606 /* HTTPClientStub.swift */; };
		446CF32E2ABCF34600EDC606 /* InMemoryFeedStore.swift in Sources */ = {isa = PBXBuildFile; fileRef = 446CF32D2ABCF34600EDC606 /* InMemoryFeedStore.swift */; };
		448129772AA539EE00DD0FF9 /* FeedLoaderCacheDecorator.swift in Sources */ = {isa = PBXBuildFile; fileRef = 448129762AA539EE00DD0FF9 /* FeedLoaderCacheDecorator.swift */; };
		44A2D8B02A9BBBCA00D6CDAD /* FeedLoaderStub.swift in Sources */ = {isa = PBXBuildFile; fileRef = 44A2D8AF2A9BBBCA00D6CDAD /* FeedLoaderStub.swift */; };
		44A2D8B62AA0F9B100D6CDAD /* XCTestCase+FeedLoader.swift in Sources */ = {isa = PBXBuildFile; fileRef = 44A2D8B52AA0F9B100D6CDAD /* XCTestCase+FeedLoader.swift */; };
		44B3A6EE2ABA4B7800E559A8 /* SceneDelegateTests.swift in Sources */ = {isa = PBXBuildFile; fileRef = 44B3A6ED2ABA4B7800E559A8 /* SceneDelegateTests.swift */; };
		44B3A7022ABBA3C600E559A8 /* FeedLoaderPresentationAdapter.swift in Sources */ = {isa = PBXBuildFile; fileRef = 44B3A6FC2ABBA3C500E559A8 /* FeedLoaderPresentationAdapter.swift */; };
		44B3A7032ABBA3C600E559A8 /* MainQueueDispatchDecorator.swift in Sources */ = {isa = PBXBuildFile; fileRef = 44B3A6FD2ABBA3C500E559A8 /* MainQueueDispatchDecorator.swift */; };
		44B3A7042ABBA3C600E559A8 /* FeedUIComposer.swift in Sources */ = {isa = PBXBuildFile; fileRef = 44B3A6FE2ABBA3C600E559A8 /* FeedUIComposer.swift */; };
		44B3A7052ABBA3C600E559A8 /* WeakRefVirtualProxy.swift in Sources */ = {isa = PBXBuildFile; fileRef = 44B3A6FF2ABBA3C600E559A8 /* WeakRefVirtualProxy.swift */; };
		44B3A7062ABBA3C600E559A8 /* FeedViewAdapter.swift in Sources */ = {isa = PBXBuildFile; fileRef = 44B3A7002ABBA3C600E559A8 /* FeedViewAdapter.swift */; };
		44B3A7072ABBA3C600E559A8 /* FeedImageDataLoaderPresentationAdapter.swift in Sources */ = {isa = PBXBuildFile; fileRef = 44B3A7012ABBA3C600E559A8 /* FeedImageDataLoaderPresentationAdapter.swift */; };
		44B3A7112ABBA46D00E559A8 /* FeedViewControllerTests+Localization.swift in Sources */ = {isa = PBXBuildFile; fileRef = 44B3A7082ABBA46D00E559A8 /* FeedViewControllerTests+Localization.swift */; };
		44B3A7122ABBA46D00E559A8 /* FeedImageCell+TestHelpers.swift in Sources */ = {isa = PBXBuildFile; fileRef = 44B3A7092ABBA46D00E559A8 /* FeedImageCell+TestHelpers.swift */; };
		44B3A7132ABBA46D00E559A8 /* UIControl+TestsHelpers.swift in Sources */ = {isa = PBXBuildFile; fileRef = 44B3A70A2ABBA46D00E559A8 /* UIControl+TestsHelpers.swift */; };
		44B3A7142ABBA46D00E559A8 /* UIImage+TestHelpers.swift in Sources */ = {isa = PBXBuildFile; fileRef = 44B3A70B2ABBA46D00E559A8 /* UIImage+TestHelpers.swift */; };
		44B3A7152ABBA46D00E559A8 /* FeedViewController+TestHelpers.swift in Sources */ = {isa = PBXBuildFile; fileRef = 44B3A70C2ABBA46D00E559A8 /* FeedViewController+TestHelpers.swift */; };
		44B3A7162ABBA46D00E559A8 /* FeedViewControllerTests+Assertions.swift in Sources */ = {isa = PBXBuildFile; fileRef = 44B3A70D2ABBA46D00E559A8 /* FeedViewControllerTests+Assertions.swift */; };
		44B3A7172ABBA46D00E559A8 /* UIButton+TestHelpers.swift in Sources */ = {isa = PBXBuildFile; fileRef = 44B3A70E2ABBA46D00E559A8 /* UIButton+TestHelpers.swift */; };
		44B3A7182ABBA46D00E559A8 /* FeedViewControllerTests+TestHelpers.swift in Sources */ = {isa = PBXBuildFile; fileRef = 44B3A70F2ABBA46D00E559A8 /* FeedViewControllerTests+TestHelpers.swift */; };
		44B3A7192ABBA46D00E559A8 /* UIRefreshControl+TestHelpers.swift in Sources */ = {isa = PBXBuildFile; fileRef = 44B3A7102ABBA46D00E559A8 /* UIRefreshControl+TestHelpers.swift */; };
		44B3A71B2ABBA48C00E559A8 /* FeedUIIntegrationTests.swift in Sources */ = {isa = PBXBuildFile; fileRef = 44B3A71A2ABBA48C00E559A8 /* FeedUIIntegrationTests.swift */; };
		44B3A71D2ABBAE8300E559A8 /* FeedAcceptanceTests.swift in Sources */ = {isa = PBXBuildFile; fileRef = 44B3A71C2ABBAE8200E559A8 /* FeedAcceptanceTests.swift */; };
/* End PBXBuildFile section */

/* Begin PBXContainerItemProxy section */
		4449DDBF2A93B6E4005A9D2E /* PBXContainerItemProxy */ = {
			isa = PBXContainerItemProxy;
			containerPortal = 4449DDA02A93B6E3005A9D2E /* Project object */;
			proxyType = 1;
			remoteGlobalIDString = 4449DDA72A93B6E3005A9D2E;
			remoteInfo = EssentialApp;
		};
/* End PBXContainerItemProxy section */

/* Begin PBXCopyFilesBuildPhase section */
		4449DDE22A94707B005A9D2E /* Embed Frameworks */ = {
			isa = PBXCopyFilesBuildPhase;
			buildActionMask = 2147483647;
			dstPath = "";
			dstSubfolderSpec = 10;
			files = (
				4449DDDF2A94707B005A9D2E /* EssentialFeed.framework in Embed Frameworks */,
				4449DDE12A94707B005A9D2E /* EssentialFeediOS.framework in Embed Frameworks */,
			);
			name = "Embed Frameworks";
			runOnlyForDeploymentPostprocessing = 0;
		};
/* End PBXCopyFilesBuildPhase section */

/* Begin PBXFileReference section */
		442835442A9B8D24007514E7 /* FeedImageDataLoaderWithFallbackComposite.swift */ = {isa = PBXFileReference; lastKnownFileType = sourcecode.swift; path = FeedImageDataLoaderWithFallbackComposite.swift; sourceTree = "<group>"; };
		442835472A9B8E35007514E7 /* XCTestCase+MemoryLeakTracking.swift */ = {isa = PBXFileReference; lastKnownFileType = sourcecode.swift; path = "XCTestCase+MemoryLeakTracking.swift"; sourceTree = "<group>"; };
		442835492A9B8F2C007514E7 /* SharedTestHelpers.swift */ = {isa = PBXFileReference; lastKnownFileType = sourcecode.swift; path = SharedTestHelpers.swift; sourceTree = "<group>"; };
		4428354B2A9B9F44007514E7 /* FeedLoaderCacheDecoratorTests.swift */ = {isa = PBXFileReference; lastKnownFileType = sourcecode.swift; path = FeedLoaderCacheDecoratorTests.swift; sourceTree = "<group>"; };
		4441280A2AACF82300129552 /* FeedImageDataLoaderCacheDecoratorTests.swift */ = {isa = PBXFileReference; lastKnownFileType = sourcecode.swift; path = FeedImageDataLoaderCacheDecoratorTests.swift; sourceTree = "<group>"; };
		4441280C2AACFBBF00129552 /* FeedImageDataLoaderSpy.swift */ = {isa = PBXFileReference; lastKnownFileType = sourcecode.swift; path = FeedImageDataLoaderSpy.swift; sourceTree = "<group>"; };
		4441280E2AACFD9F00129552 /* FeedImageDataLoaderTestCase.swift */ = {isa = PBXFileReference; lastKnownFileType = sourcecode.swift; path = FeedImageDataLoaderTestCase.swift; sourceTree = "<group>"; };
		444128122AAD160700129552 /* FeedImageDataLoaderDecorator.swift */ = {isa = PBXFileReference; lastKnownFileType = sourcecode.swift; path = FeedImageDataLoaderDecorator.swift; sourceTree = "<group>"; };
		4449DDA82A93B6E3005A9D2E /* EssentialApp.app */ = {isa = PBXFileReference; explicitFileType = wrapper.application; includeInIndex = 0; path = EssentialApp.app; sourceTree = BUILT_PRODUCTS_DIR; };
		4449DDAB2A93B6E3005A9D2E /* AppDelegate.swift */ = {isa = PBXFileReference; lastKnownFileType = sourcecode.swift; path = AppDelegate.swift; sourceTree = "<group>"; };
		4449DDAD2A93B6E3005A9D2E /* SceneDelegate.swift */ = {isa = PBXFileReference; lastKnownFileType = sourcecode.swift; path = SceneDelegate.swift; sourceTree = "<group>"; };
		4449DDAF2A93B6E3005A9D2E /* ViewController.swift */ = {isa = PBXFileReference; lastKnownFileType = sourcecode.swift; path = ViewController.swift; sourceTree = "<group>"; };
		4449DDB22A93B6E3005A9D2E /* Base */ = {isa = PBXFileReference; lastKnownFileType = file.storyboard; name = Base; path = Base.lproj/Main.storyboard; sourceTree = "<group>"; };
		4449DDB42A93B6E4005A9D2E /* Assets.xcassets */ = {isa = PBXFileReference; lastKnownFileType = folder.assetcatalog; path = Assets.xcassets; sourceTree = "<group>"; };
		4449DDB72A93B6E4005A9D2E /* Base */ = {isa = PBXFileReference; lastKnownFileType = file.storyboard; name = Base; path = Base.lproj/LaunchScreen.storyboard; sourceTree = "<group>"; };
		4449DDB92A93B6E4005A9D2E /* Info.plist */ = {isa = PBXFileReference; lastKnownFileType = text.plist.xml; path = Info.plist; sourceTree = "<group>"; };
		4449DDBE2A93B6E4005A9D2E /* EssentialAppTests.xctest */ = {isa = PBXFileReference; explicitFileType = wrapper.cfbundle; includeInIndex = 0; path = EssentialAppTests.xctest; sourceTree = BUILT_PRODUCTS_DIR; };
		4449DDC22A93B6E4005A9D2E /* FeedLoaderWithFallbackCompositeTests.swift */ = {isa = PBXFileReference; lastKnownFileType = sourcecode.swift; path = FeedLoaderWithFallbackCompositeTests.swift; sourceTree = "<group>"; };
		4449DDDC2A94707B005A9D2E /* EssentialFeed.framework */ = {isa = PBXFileReference; explicitFileType = wrapper.framework; path = EssentialFeed.framework; sourceTree = BUILT_PRODUCTS_DIR; };
		4449DDDD2A94707B005A9D2E /* EssentialFeediOS.framework */ = {isa = PBXFileReference; explicitFileType = wrapper.framework; path = EssentialFeediOS.framework; sourceTree = BUILT_PRODUCTS_DIR; };
		4449DDE32A98E105005A9D2E /* FeedLoaderWithFallbackComposite.swift */ = {isa = PBXFileReference; lastKnownFileType = sourcecode.swift; path = FeedLoaderWithFallbackComposite.swift; sourceTree = "<group>"; };
		4449DDE52A98E288005A9D2E /* FeedImageDataLoaderWithFallbackCompositeTests.swift */ = {isa = PBXFileReference; lastKnownFileType = sourcecode.swift; path = FeedImageDataLoaderWithFallbackCompositeTests.swift; sourceTree = "<group>"; };
		446CF32B2ABCF22400EDC606 /* HTTPClientStub.swift */ = {isa = PBXFileReference; lastKnownFileType = sourcecode.swift; path = HTTPClientStub.swift; sourceTree = "<group>"; };
		446CF32D2ABCF34600EDC606 /* InMemoryFeedStore.swift */ = {isa = PBXFileReference; lastKnownFileType = sourcecode.swift; path = InMemoryFeedStore.swift; sourceTree = "<group>"; };
		448129762AA539EE00DD0FF9 /* FeedLoaderCacheDecorator.swift */ = {isa = PBXFileReference; lastKnownFileType = sourcecode.swift; path = FeedLoaderCacheDecorator.swift; sourceTree = "<group>"; };
		44956D522AAE382A008C72CF /* EssentialAppTests.xctestplan */ = {isa = PBXFileReference; lastKnownFileType = text; path = EssentialAppTests.xctestplan; sourceTree = "<group>"; };
		44A2D8AF2A9BBBCA00D6CDAD /* FeedLoaderStub.swift */ = {isa = PBXFileReference; lastKnownFileType = sourcecode.swift; path = FeedLoaderStub.swift; sourceTree = "<group>"; };
		44A2D8B52AA0F9B100D6CDAD /* XCTestCase+FeedLoader.swift */ = {isa = PBXFileReference; lastKnownFileType = sourcecode.swift; path = "XCTestCase+FeedLoader.swift"; sourceTree = "<group>"; };
		44B3A6ED2ABA4B7800E559A8 /* SceneDelegateTests.swift */ = {isa = PBXFileReference; lastKnownFileType = sourcecode.swift; path = SceneDelegateTests.swift; sourceTree = "<group>"; };
		44B3A6FC2ABBA3C500E559A8 /* FeedLoaderPresentationAdapter.swift */ = {isa = PBXFileReference; fileEncoding = 4; lastKnownFileType = sourcecode.swift; path = FeedLoaderPresentationAdapter.swift; sourceTree = "<group>"; };
		44B3A6FD2ABBA3C500E559A8 /* MainQueueDispatchDecorator.swift */ = {isa = PBXFileReference; fileEncoding = 4; lastKnownFileType = sourcecode.swift; path = MainQueueDispatchDecorator.swift; sourceTree = "<group>"; };
		44B3A6FE2ABBA3C600E559A8 /* FeedUIComposer.swift */ = {isa = PBXFileReference; fileEncoding = 4; lastKnownFileType = sourcecode.swift; path = FeedUIComposer.swift; sourceTree = "<group>"; };
		44B3A6FF2ABBA3C600E559A8 /* WeakRefVirtualProxy.swift */ = {isa = PBXFileReference; fileEncoding = 4; lastKnownFileType = sourcecode.swift; path = WeakRefVirtualProxy.swift; sourceTree = "<group>"; };
		44B3A7002ABBA3C600E559A8 /* FeedViewAdapter.swift */ = {isa = PBXFileReference; fileEncoding = 4; lastKnownFileType = sourcecode.swift; path = FeedViewAdapter.swift; sourceTree = "<group>"; };
		44B3A7012ABBA3C600E559A8 /* FeedImageDataLoaderPresentationAdapter.swift */ = {isa = PBXFileReference; fileEncoding = 4; lastKnownFileType = sourcecode.swift; path = FeedImageDataLoaderPresentationAdapter.swift; sourceTree = "<group>"; };
		44B3A7082ABBA46D00E559A8 /* FeedViewControllerTests+Localization.swift */ = {isa = PBXFileReference; fileEncoding = 4; lastKnownFileType = sourcecode.swift; path = "FeedViewControllerTests+Localization.swift"; sourceTree = "<group>"; };
		44B3A7092ABBA46D00E559A8 /* FeedImageCell+TestHelpers.swift */ = {isa = PBXFileReference; fileEncoding = 4; lastKnownFileType = sourcecode.swift; path = "FeedImageCell+TestHelpers.swift"; sourceTree = "<group>"; };
		44B3A70A2ABBA46D00E559A8 /* UIControl+TestsHelpers.swift */ = {isa = PBXFileReference; fileEncoding = 4; lastKnownFileType = sourcecode.swift; path = "UIControl+TestsHelpers.swift"; sourceTree = "<group>"; };
		44B3A70B2ABBA46D00E559A8 /* UIImage+TestHelpers.swift */ = {isa = PBXFileReference; fileEncoding = 4; lastKnownFileType = sourcecode.swift; path = "UIImage+TestHelpers.swift"; sourceTree = "<group>"; };
		44B3A70C2ABBA46D00E559A8 /* FeedViewController+TestHelpers.swift */ = {isa = PBXFileReference; fileEncoding = 4; lastKnownFileType = sourcecode.swift; path = "FeedViewController+TestHelpers.swift"; sourceTree = "<group>"; };
		44B3A70D2ABBA46D00E559A8 /* FeedViewControllerTests+Assertions.swift */ = {isa = PBXFileReference; fileEncoding = 4; lastKnownFileType = sourcecode.swift; path = "FeedViewControllerTests+Assertions.swift"; sourceTree = "<group>"; };
		44B3A70E2ABBA46D00E559A8 /* UIButton+TestHelpers.swift */ = {isa = PBXFileReference; fileEncoding = 4; lastKnownFileType = sourcecode.swift; path = "UIButton+TestHelpers.swift"; sourceTree = "<group>"; };
		44B3A70F2ABBA46D00E559A8 /* FeedViewControllerTests+TestHelpers.swift */ = {isa = PBXFileReference; fileEncoding = 4; lastKnownFileType = sourcecode.swift; path = "FeedViewControllerTests+TestHelpers.swift"; sourceTree = "<group>"; };
		44B3A7102ABBA46D00E559A8 /* UIRefreshControl+TestHelpers.swift */ = {isa = PBXFileReference; fileEncoding = 4; lastKnownFileType = sourcecode.swift; path = "UIRefreshControl+TestHelpers.swift"; sourceTree = "<group>"; };
		44B3A71A2ABBA48C00E559A8 /* FeedUIIntegrationTests.swift */ = {isa = PBXFileReference; fileEncoding = 4; lastKnownFileType = sourcecode.swift; path = FeedUIIntegrationTests.swift; sourceTree = "<group>"; };
		44B3A71C2ABBAE8200E559A8 /* FeedAcceptanceTests.swift */ = {isa = PBXFileReference; lastKnownFileType = sourcecode.swift; path = FeedAcceptanceTests.swift; sourceTree = "<group>"; };
/* End PBXFileReference section */

/* Begin PBXFrameworksBuildPhase section */
		4449DDA52A93B6E3005A9D2E /* Frameworks */ = {
			isa = PBXFrameworksBuildPhase;
			buildActionMask = 2147483647;
			files = (
				4449DDDE2A94707B005A9D2E /* EssentialFeed.framework in Frameworks */,
				4449DDE02A94707B005A9D2E /* EssentialFeediOS.framework in Frameworks */,
			);
			runOnlyForDeploymentPostprocessing = 0;
		};
		4449DDBB2A93B6E4005A9D2E /* Frameworks */ = {
			isa = PBXFrameworksBuildPhase;
			buildActionMask = 2147483647;
			files = (
			);
			runOnlyForDeploymentPostprocessing = 0;
		};
/* End PBXFrameworksBuildPhase section */

/* Begin PBXGroup section */
		442835462A9B8E24007514E7 /* Helpers */ = {
			isa = PBXGroup;
			children = (
				44B3A70E2ABBA46D00E559A8 /* UIButton+TestHelpers.swift */,
				44B3A70A2ABBA46D00E559A8 /* UIControl+TestsHelpers.swift */,
				44B3A70B2ABBA46D00E559A8 /* UIImage+TestHelpers.swift */,
				44B3A7102ABBA46D00E559A8 /* UIRefreshControl+TestHelpers.swift */,
				44B3A7092ABBA46D00E559A8 /* FeedImageCell+TestHelpers.swift */,
				44B3A70C2ABBA46D00E559A8 /* FeedViewController+TestHelpers.swift */,
				44B3A70D2ABBA46D00E559A8 /* FeedViewControllerTests+Assertions.swift */,
				44B3A70F2ABBA46D00E559A8 /* FeedViewControllerTests+TestHelpers.swift */,
				44B3A7082ABBA46D00E559A8 /* FeedViewControllerTests+Localization.swift */,
				442835472A9B8E35007514E7 /* XCTestCase+MemoryLeakTracking.swift */,
				44A2D8B52AA0F9B100D6CDAD /* XCTestCase+FeedLoader.swift */,
				442835492A9B8F2C007514E7 /* SharedTestHelpers.swift */,
				44A2D8AF2A9BBBCA00D6CDAD /* FeedLoaderStub.swift */,
				4441280C2AACFBBF00129552 /* FeedImageDataLoaderSpy.swift */,
				4441280E2AACFD9F00129552 /* FeedImageDataLoaderTestCase.swift */,
				446CF32B2ABCF22400EDC606 /* HTTPClientStub.swift */,
				446CF32D2ABCF34600EDC606 /* InMemoryFeedStore.swift */,
			);
			path = Helpers;
			sourceTree = "<group>";
		};
		4449DD9F2A93B6E3005A9D2E = {
			isa = PBXGroup;
			children = (
				4449DDAA2A93B6E3005A9D2E /* EssentialApp */,
				4449DDC12A93B6E4005A9D2E /* EssentialAppTests */,
				4449DDA92A93B6E3005A9D2E /* Products */,
				4449DDDB2A94707B005A9D2E /* Frameworks */,
			);
			sourceTree = "<group>";
		};
		4449DDA92A93B6E3005A9D2E /* Products */ = {
			isa = PBXGroup;
			children = (
				4449DDA82A93B6E3005A9D2E /* EssentialApp.app */,
				4449DDBE2A93B6E4005A9D2E /* EssentialAppTests.xctest */,
			);
			name = Products;
			sourceTree = "<group>";
		};
		4449DDAA2A93B6E3005A9D2E /* EssentialApp */ = {
			isa = PBXGroup;
			children = (
				44B3A7012ABBA3C600E559A8 /* FeedImageDataLoaderPresentationAdapter.swift */,
				44B3A6FC2ABBA3C500E559A8 /* FeedLoaderPresentationAdapter.swift */,
				44B3A6FE2ABBA3C600E559A8 /* FeedUIComposer.swift */,
				44B3A7002ABBA3C600E559A8 /* FeedViewAdapter.swift */,
				44B3A6FD2ABBA3C500E559A8 /* MainQueueDispatchDecorator.swift */,
				44B3A6FF2ABBA3C600E559A8 /* WeakRefVirtualProxy.swift */,
				4449DDAB2A93B6E3005A9D2E /* AppDelegate.swift */,
				4449DDAD2A93B6E3005A9D2E /* SceneDelegate.swift */,
				4449DDAF2A93B6E3005A9D2E /* ViewController.swift */,
				4449DDB12A93B6E3005A9D2E /* Main.storyboard */,
				4449DDB42A93B6E4005A9D2E /* Assets.xcassets */,
				4449DDB62A93B6E4005A9D2E /* LaunchScreen.storyboard */,
				4449DDB92A93B6E4005A9D2E /* Info.plist */,
				4449DDE32A98E105005A9D2E /* FeedLoaderWithFallbackComposite.swift */,
				442835442A9B8D24007514E7 /* FeedImageDataLoaderWithFallbackComposite.swift */,
				448129762AA539EE00DD0FF9 /* FeedLoaderCacheDecorator.swift */,
				444128122AAD160700129552 /* FeedImageDataLoaderDecorator.swift */,
			);
			path = EssentialApp;
			sourceTree = "<group>";
		};
		4449DDC12A93B6E4005A9D2E /* EssentialAppTests */ = {
			isa = PBXGroup;
			children = (
				44956D522AAE382A008C72CF /* EssentialAppTests.xctestplan */,
				4449DDC22A93B6E4005A9D2E /* FeedLoaderWithFallbackCompositeTests.swift */,
				4449DDE52A98E288005A9D2E /* FeedImageDataLoaderWithFallbackCompositeTests.swift */,
				4428354B2A9B9F44007514E7 /* FeedLoaderCacheDecoratorTests.swift */,
				4441280A2AACF82300129552 /* FeedImageDataLoaderCacheDecoratorTests.swift */,
				44B3A6ED2ABA4B7800E559A8 /* SceneDelegateTests.swift */,
				44B3A71C2ABBAE8200E559A8 /* FeedAcceptanceTests.swift */,
				44B3A71A2ABBA48C00E559A8 /* FeedUIIntegrationTests.swift */,
				442835462A9B8E24007514E7 /* Helpers */,
			);
			path = EssentialAppTests;
			sourceTree = "<group>";
		};
		4449DDDB2A94707B005A9D2E /* Frameworks */ = {
			isa = PBXGroup;
			children = (
				4449DDDC2A94707B005A9D2E /* EssentialFeed.framework */,
				4449DDDD2A94707B005A9D2E /* EssentialFeediOS.framework */,
			);
			name = Frameworks;
			sourceTree = "<group>";
		};
/* End PBXGroup section */

/* Begin PBXNativeTarget section */
		4449DDA72A93B6E3005A9D2E /* EssentialApp */ = {
			isa = PBXNativeTarget;
			buildConfigurationList = 4449DDD22A93B6E4005A9D2E /* Build configuration list for PBXNativeTarget "EssentialApp" */;
			buildPhases = (
				4449DDA42A93B6E3005A9D2E /* Sources */,
				4449DDA52A93B6E3005A9D2E /* Frameworks */,
				4449DDA62A93B6E3005A9D2E /* Resources */,
				4449DDE22A94707B005A9D2E /* Embed Frameworks */,
			);
			buildRules = (
			);
			dependencies = (
			);
			name = EssentialApp;
			productName = EssentialApp;
			productReference = 4449DDA82A93B6E3005A9D2E /* EssentialApp.app */;
			productType = "com.apple.product-type.application";
		};
		4449DDBD2A93B6E4005A9D2E /* EssentialAppTests */ = {
			isa = PBXNativeTarget;
			buildConfigurationList = 4449DDD52A93B6E4005A9D2E /* Build configuration list for PBXNativeTarget "EssentialAppTests" */;
			buildPhases = (
				4449DDBA2A93B6E4005A9D2E /* Sources */,
				4449DDBB2A93B6E4005A9D2E /* Frameworks */,
				4449DDBC2A93B6E4005A9D2E /* Resources */,
			);
			buildRules = (
			);
			dependencies = (
				4449DDC02A93B6E4005A9D2E /* PBXTargetDependency */,
			);
			name = EssentialAppTests;
			productName = EssentialAppTests;
			productReference = 4449DDBE2A93B6E4005A9D2E /* EssentialAppTests.xctest */;
			productType = "com.apple.product-type.bundle.unit-test";
		};
/* End PBXNativeTarget section */

/* Begin PBXProject section */
		4449DDA02A93B6E3005A9D2E /* Project object */ = {
			isa = PBXProject;
			attributes = {
				BuildIndependentTargetsInParallel = 1;
				LastSwiftUpdateCheck = 1430;
				LastUpgradeCheck = 1430;
				TargetAttributes = {
					4449DDA72A93B6E3005A9D2E = {
						CreatedOnToolsVersion = 14.3.1;
					};
					4449DDBD2A93B6E4005A9D2E = {
						CreatedOnToolsVersion = 14.3.1;
						TestTargetID = 4449DDA72A93B6E3005A9D2E;
					};
				};
			};
			buildConfigurationList = 4449DDA32A93B6E3005A9D2E /* Build configuration list for PBXProject "EssentialApp" */;
			compatibilityVersion = "Xcode 14.0";
			developmentRegion = en;
			hasScannedForEncodings = 0;
			knownRegions = (
				en,
				Base,
			);
			mainGroup = 4449DD9F2A93B6E3005A9D2E;
			productRefGroup = 4449DDA92A93B6E3005A9D2E /* Products */;
			projectDirPath = "";
			projectRoot = "";
			targets = (
				4449DDA72A93B6E3005A9D2E /* EssentialApp */,
				4449DDBD2A93B6E4005A9D2E /* EssentialAppTests */,
			);
		};
/* End PBXProject section */

/* Begin PBXResourcesBuildPhase section */
		4449DDA62A93B6E3005A9D2E /* Resources */ = {
			isa = PBXResourcesBuildPhase;
			buildActionMask = 2147483647;
			files = (
				4449DDB82A93B6E4005A9D2E /* LaunchScreen.storyboard in Resources */,
				4449DDB52A93B6E4005A9D2E /* Assets.xcassets in Resources */,
				4449DDB32A93B6E3005A9D2E /* Main.storyboard in Resources */,
			);
			runOnlyForDeploymentPostprocessing = 0;
		};
		4449DDBC2A93B6E4005A9D2E /* Resources */ = {
			isa = PBXResourcesBuildPhase;
			buildActionMask = 2147483647;
			files = (
			);
			runOnlyForDeploymentPostprocessing = 0;
		};
/* End PBXResourcesBuildPhase section */

/* Begin PBXSourcesBuildPhase section */
		4449DDA42A93B6E3005A9D2E /* Sources */ = {
			isa = PBXSourcesBuildPhase;
			buildActionMask = 2147483647;
			files = (
				44B3A7032ABBA3C600E559A8 /* MainQueueDispatchDecorator.swift in Sources */,
				4449DDB02A93B6E3005A9D2E /* ViewController.swift in Sources */,
				4449DDAC2A93B6E3005A9D2E /* AppDelegate.swift in Sources */,
				44B3A7022ABBA3C600E559A8 /* FeedLoaderPresentationAdapter.swift in Sources */,
				4449DDE42A98E105005A9D2E /* FeedLoaderWithFallbackComposite.swift in Sources */,
				448129772AA539EE00DD0FF9 /* FeedLoaderCacheDecorator.swift in Sources */,
				444128132AAD160700129552 /* FeedImageDataLoaderDecorator.swift in Sources */,
				44B3A7072ABBA3C600E559A8 /* FeedImageDataLoaderPresentationAdapter.swift in Sources */,
				44B3A7062ABBA3C600E559A8 /* FeedViewAdapter.swift in Sources */,
				4449DDAE2A93B6E3005A9D2E /* SceneDelegate.swift in Sources */,
				44B3A7042ABBA3C600E559A8 /* FeedUIComposer.swift in Sources */,
				44B3A7052ABBA3C600E559A8 /* WeakRefVirtualProxy.swift in Sources */,
				442835452A9B8D24007514E7 /* FeedImageDataLoaderWithFallbackComposite.swift in Sources */,
			);
			runOnlyForDeploymentPostprocessing = 0;
		};
		4449DDBA2A93B6E4005A9D2E /* Sources */ = {
			isa = PBXSourcesBuildPhase;
			buildActionMask = 2147483647;
			files = (
				44B3A7152ABBA46D00E559A8 /* FeedViewController+TestHelpers.swift in Sources */,
				44B3A7192ABBA46D00E559A8 /* UIRefreshControl+TestHelpers.swift in Sources */,
				4428354A2A9B8F2C007514E7 /* SharedTestHelpers.swift in Sources */,
				44B3A7132ABBA46D00E559A8 /* UIControl+TestsHelpers.swift in Sources */,
				4441280B2AACF82300129552 /* FeedImageDataLoaderCacheDecoratorTests.swift in Sources */,
				4441280F2AACFD9F00129552 /* FeedImageDataLoaderTestCase.swift in Sources */,
				44B3A7172ABBA46D00E559A8 /* UIButton+TestHelpers.swift in Sources */,
				44A2D8B62AA0F9B100D6CDAD /* XCTestCase+FeedLoader.swift in Sources */,
				44B3A7162ABBA46D00E559A8 /* FeedViewControllerTests+Assertions.swift in Sources */,
				44B3A6EE2ABA4B7800E559A8 /* SceneDelegateTests.swift in Sources */,
				4428354C2A9B9F44007514E7 /* FeedLoaderCacheDecoratorTests.swift in Sources */,
				446CF32E2ABCF34600EDC606 /* InMemoryFeedStore.swift in Sources */,
				4441280D2AACFBBF00129552 /* FeedImageDataLoaderSpy.swift in Sources */,
				44B3A7182ABBA46D00E559A8 /* FeedViewControllerTests+TestHelpers.swift in Sources */,
				44B3A7142ABBA46D00E559A8 /* UIImage+TestHelpers.swift in Sources */,
				4449DDE62A98E288005A9D2E /* FeedImageDataLoaderWithFallbackCompositeTests.swift in Sources */,
				446CF32C2ABCF22400EDC606 /* HTTPClientStub.swift in Sources */,
				4449DDC32A93B6E4005A9D2E /* FeedLoaderWithFallbackCompositeTests.swift in Sources */,
				44B3A7122ABBA46D00E559A8 /* FeedImageCell+TestHelpers.swift in Sources */,
				44A2D8B02A9BBBCA00D6CDAD /* FeedLoaderStub.swift in Sources */,
				44B3A71D2ABBAE8300E559A8 /* FeedAcceptanceTests.swift in Sources */,
				442835482A9B8E35007514E7 /* XCTestCase+MemoryLeakTracking.swift in Sources */,
				44B3A71B2ABBA48C00E559A8 /* FeedUIIntegrationTests.swift in Sources */,
				44B3A7112ABBA46D00E559A8 /* FeedViewControllerTests+Localization.swift in Sources */,
			);
			runOnlyForDeploymentPostprocessing = 0;
		};
/* End PBXSourcesBuildPhase section */

/* Begin PBXTargetDependency section */
		4449DDC02A93B6E4005A9D2E /* PBXTargetDependency */ = {
			isa = PBXTargetDependency;
			target = 4449DDA72A93B6E3005A9D2E /* EssentialApp */;
			targetProxy = 4449DDBF2A93B6E4005A9D2E /* PBXContainerItemProxy */;
		};
/* End PBXTargetDependency section */

/* Begin PBXVariantGroup section */
		4449DDB12A93B6E3005A9D2E /* Main.storyboard */ = {
			isa = PBXVariantGroup;
			children = (
				4449DDB22A93B6E3005A9D2E /* Base */,
			);
			name = Main.storyboard;
			sourceTree = "<group>";
		};
		4449DDB62A93B6E4005A9D2E /* LaunchScreen.storyboard */ = {
			isa = PBXVariantGroup;
			children = (
				4449DDB72A93B6E4005A9D2E /* Base */,
			);
			name = LaunchScreen.storyboard;
			sourceTree = "<group>";
		};
/* End PBXVariantGroup section */

/* Begin XCBuildConfiguration section */
		4449DDD02A93B6E4005A9D2E /* Debug */ = {
			isa = XCBuildConfiguration;
			buildSettings = {
				ALWAYS_SEARCH_USER_PATHS = NO;
				CLANG_ANALYZER_NONNULL = YES;
				CLANG_ANALYZER_NUMBER_OBJECT_CONVERSION = YES_AGGRESSIVE;
				CLANG_CXX_LANGUAGE_STANDARD = "gnu++20";
				CLANG_ENABLE_MODULES = YES;
				CLANG_ENABLE_OBJC_ARC = YES;
				CLANG_ENABLE_OBJC_WEAK = YES;
				CLANG_WARN_BLOCK_CAPTURE_AUTORELEASING = YES;
				CLANG_WARN_BOOL_CONVERSION = YES;
				CLANG_WARN_COMMA = YES;
				CLANG_WARN_CONSTANT_CONVERSION = YES;
				CLANG_WARN_DEPRECATED_OBJC_IMPLEMENTATIONS = YES;
				CLANG_WARN_DIRECT_OBJC_ISA_USAGE = YES_ERROR;
				CLANG_WARN_DOCUMENTATION_COMMENTS = YES;
				CLANG_WARN_EMPTY_BODY = YES;
				CLANG_WARN_ENUM_CONVERSION = YES;
				CLANG_WARN_INFINITE_RECURSION = YES;
				CLANG_WARN_INT_CONVERSION = YES;
				CLANG_WARN_NON_LITERAL_NULL_CONVERSION = YES;
				CLANG_WARN_OBJC_IMPLICIT_RETAIN_SELF = YES;
				CLANG_WARN_OBJC_LITERAL_CONVERSION = YES;
				CLANG_WARN_OBJC_ROOT_CLASS = YES_ERROR;
				CLANG_WARN_QUOTED_INCLUDE_IN_FRAMEWORK_HEADER = YES;
				CLANG_WARN_RANGE_LOOP_ANALYSIS = YES;
				CLANG_WARN_STRICT_PROTOTYPES = YES;
				CLANG_WARN_SUSPICIOUS_MOVE = YES;
				CLANG_WARN_UNGUARDED_AVAILABILITY = YES_AGGRESSIVE;
				CLANG_WARN_UNREACHABLE_CODE = YES;
				CLANG_WARN__DUPLICATE_METHOD_MATCH = YES;
				COPY_PHASE_STRIP = NO;
				DEBUG_INFORMATION_FORMAT = dwarf;
				ENABLE_STRICT_OBJC_MSGSEND = YES;
				ENABLE_TESTABILITY = YES;
				GCC_C_LANGUAGE_STANDARD = gnu11;
				GCC_DYNAMIC_NO_PIC = NO;
				GCC_NO_COMMON_BLOCKS = YES;
				GCC_OPTIMIZATION_LEVEL = 0;
				GCC_PREPROCESSOR_DEFINITIONS = (
					"DEBUG=1",
					"$(inherited)",
				);
				GCC_WARN_64_TO_32_BIT_CONVERSION = YES;
				GCC_WARN_ABOUT_RETURN_TYPE = YES_ERROR;
				GCC_WARN_UNDECLARED_SELECTOR = YES;
				GCC_WARN_UNINITIALIZED_AUTOS = YES_AGGRESSIVE;
				GCC_WARN_UNUSED_FUNCTION = YES;
				GCC_WARN_UNUSED_VARIABLE = YES;
				IPHONEOS_DEPLOYMENT_TARGET = 16.4;
				MTL_ENABLE_DEBUG_INFO = INCLUDE_SOURCE;
				MTL_FAST_MATH = YES;
				ONLY_ACTIVE_ARCH = YES;
				SDKROOT = iphoneos;
				SWIFT_ACTIVE_COMPILATION_CONDITIONS = DEBUG;
				SWIFT_OPTIMIZATION_LEVEL = "-Onone";
			};
			name = Debug;
		};
		4449DDD12A93B6E4005A9D2E /* Release */ = {
			isa = XCBuildConfiguration;
			buildSettings = {
				ALWAYS_SEARCH_USER_PATHS = NO;
				CLANG_ANALYZER_NONNULL = YES;
				CLANG_ANALYZER_NUMBER_OBJECT_CONVERSION = YES_AGGRESSIVE;
				CLANG_CXX_LANGUAGE_STANDARD = "gnu++20";
				CLANG_ENABLE_MODULES = YES;
				CLANG_ENABLE_OBJC_ARC = YES;
				CLANG_ENABLE_OBJC_WEAK = YES;
				CLANG_WARN_BLOCK_CAPTURE_AUTORELEASING = YES;
				CLANG_WARN_BOOL_CONVERSION = YES;
				CLANG_WARN_COMMA = YES;
				CLANG_WARN_CONSTANT_CONVERSION = YES;
				CLANG_WARN_DEPRECATED_OBJC_IMPLEMENTATIONS = YES;
				CLANG_WARN_DIRECT_OBJC_ISA_USAGE = YES_ERROR;
				CLANG_WARN_DOCUMENTATION_COMMENTS = YES;
				CLANG_WARN_EMPTY_BODY = YES;
				CLANG_WARN_ENUM_CONVERSION = YES;
				CLANG_WARN_INFINITE_RECURSION = YES;
				CLANG_WARN_INT_CONVERSION = YES;
				CLANG_WARN_NON_LITERAL_NULL_CONVERSION = YES;
				CLANG_WARN_OBJC_IMPLICIT_RETAIN_SELF = YES;
				CLANG_WARN_OBJC_LITERAL_CONVERSION = YES;
				CLANG_WARN_OBJC_ROOT_CLASS = YES_ERROR;
				CLANG_WARN_QUOTED_INCLUDE_IN_FRAMEWORK_HEADER = YES;
				CLANG_WARN_RANGE_LOOP_ANALYSIS = YES;
				CLANG_WARN_STRICT_PROTOTYPES = YES;
				CLANG_WARN_SUSPICIOUS_MOVE = YES;
				CLANG_WARN_UNGUARDED_AVAILABILITY = YES_AGGRESSIVE;
				CLANG_WARN_UNREACHABLE_CODE = YES;
				CLANG_WARN__DUPLICATE_METHOD_MATCH = YES;
				COPY_PHASE_STRIP = NO;
				DEBUG_INFORMATION_FORMAT = "dwarf-with-dsym";
				ENABLE_NS_ASSERTIONS = NO;
				ENABLE_STRICT_OBJC_MSGSEND = YES;
				GCC_C_LANGUAGE_STANDARD = gnu11;
				GCC_NO_COMMON_BLOCKS = YES;
				GCC_WARN_64_TO_32_BIT_CONVERSION = YES;
				GCC_WARN_ABOUT_RETURN_TYPE = YES_ERROR;
				GCC_WARN_UNDECLARED_SELECTOR = YES;
				GCC_WARN_UNINITIALIZED_AUTOS = YES_AGGRESSIVE;
				GCC_WARN_UNUSED_FUNCTION = YES;
				GCC_WARN_UNUSED_VARIABLE = YES;
				IPHONEOS_DEPLOYMENT_TARGET = 16.4;
				MTL_ENABLE_DEBUG_INFO = NO;
				MTL_FAST_MATH = YES;
				SDKROOT = iphoneos;
				SWIFT_COMPILATION_MODE = wholemodule;
				SWIFT_OPTIMIZATION_LEVEL = "-O";
				VALIDATE_PRODUCT = YES;
			};
			name = Release;
		};
		4449DDD32A93B6E4005A9D2E /* Debug */ = {
			isa = XCBuildConfiguration;
			buildSettings = {
				ASSETCATALOG_COMPILER_APPICON_NAME = AppIcon;
				ASSETCATALOG_COMPILER_GLOBAL_ACCENT_COLOR_NAME = AccentColor;
				CODE_SIGN_STYLE = Automatic;
				CURRENT_PROJECT_VERSION = 1;
				DEVELOPMENT_TEAM = PQ32JTG8M8;
				GENERATE_INFOPLIST_FILE = YES;
				INFOPLIST_FILE = EssentialApp/Info.plist;
				INFOPLIST_KEY_UIApplicationSupportsIndirectInputEvents = YES;
				INFOPLIST_KEY_UILaunchStoryboardName = LaunchScreen;
				INFOPLIST_KEY_UIMainStoryboardFile = Main;
				INFOPLIST_KEY_UISupportedInterfaceOrientations = UIInterfaceOrientationPortrait;
				INFOPLIST_KEY_UISupportedInterfaceOrientations_iPad = "UIInterfaceOrientationPortrait UIInterfaceOrientationPortraitUpsideDown";
				LD_RUNPATH_SEARCH_PATHS = (
					"$(inherited)",
					"@executable_path/Frameworks",
				);
				MARKETING_VERSION = 1.0;
				PRODUCT_BUNDLE_IDENTIFIER = Costa.EssentialApp;
				PRODUCT_NAME = "$(TARGET_NAME)";
				SWIFT_EMIT_LOC_STRINGS = YES;
				SWIFT_VERSION = 5.0;
				TARGETED_DEVICE_FAMILY = "1,2";
			};
			name = Debug;
		};
		4449DDD42A93B6E4005A9D2E /* Release */ = {
			isa = XCBuildConfiguration;
			buildSettings = {
				ASSETCATALOG_COMPILER_APPICON_NAME = AppIcon;
				ASSETCATALOG_COMPILER_GLOBAL_ACCENT_COLOR_NAME = AccentColor;
				CODE_SIGN_STYLE = Automatic;
				CURRENT_PROJECT_VERSION = 1;
				DEVELOPMENT_TEAM = PQ32JTG8M8;
				GENERATE_INFOPLIST_FILE = YES;
				INFOPLIST_FILE = EssentialApp/Info.plist;
				INFOPLIST_KEY_UIApplicationSupportsIndirectInputEvents = YES;
				INFOPLIST_KEY_UILaunchStoryboardName = LaunchScreen;
				INFOPLIST_KEY_UIMainStoryboardFile = Main;
				INFOPLIST_KEY_UISupportedInterfaceOrientations = UIInterfaceOrientationPortrait;
				INFOPLIST_KEY_UISupportedInterfaceOrientations_iPad = "UIInterfaceOrientationPortrait UIInterfaceOrientationPortraitUpsideDown";
				LD_RUNPATH_SEARCH_PATHS = (
					"$(inherited)",
					"@executable_path/Frameworks",
				);
				MARKETING_VERSION = 1.0;
				PRODUCT_BUNDLE_IDENTIFIER = Costa.EssentialApp;
				PRODUCT_NAME = "$(TARGET_NAME)";
				SWIFT_EMIT_LOC_STRINGS = YES;
				SWIFT_VERSION = 5.0;
				TARGETED_DEVICE_FAMILY = "1,2";
			};
			name = Release;
		};
		4449DDD62A93B6E4005A9D2E /* Debug */ = {
			isa = XCBuildConfiguration;
			buildSettings = {
				ALWAYS_EMBED_SWIFT_STANDARD_LIBRARIES = YES;
				BUNDLE_LOADER = "$(TEST_HOST)";
				CODE_SIGN_STYLE = Automatic;
				CURRENT_PROJECT_VERSION = 1;
				DEVELOPMENT_TEAM = PQ32JTG8M8;
				GENERATE_INFOPLIST_FILE = YES;
				IPHONEOS_DEPLOYMENT_TARGET = 16.4;
				MARKETING_VERSION = 1.0;
				PRODUCT_BUNDLE_IDENTIFIER = Costa.EssentialAppTests;
				PRODUCT_NAME = "$(TARGET_NAME)";
				SWIFT_EMIT_LOC_STRINGS = NO;
				SWIFT_VERSION = 5.0;
				TARGETED_DEVICE_FAMILY = "1,2";
				TEST_HOST = "$(BUILT_PRODUCTS_DIR)/EssentialApp.app/$(BUNDLE_EXECUTABLE_FOLDER_PATH)/EssentialApp";
			};
			name = Debug;
		};
		4449DDD72A93B6E4005A9D2E /* Release */ = {
			isa = XCBuildConfiguration;
			buildSettings = {
				ALWAYS_EMBED_SWIFT_STANDARD_LIBRARIES = YES;
				BUNDLE_LOADER = "$(TEST_HOST)";
				CODE_SIGN_STYLE = Automatic;
				CURRENT_PROJECT_VERSION = 1;
				DEVELOPMENT_TEAM = PQ32JTG8M8;
				GENERATE_INFOPLIST_FILE = YES;
				IPHONEOS_DEPLOYMENT_TARGET = 16.4;
				MARKETING_VERSION = 1.0;
				PRODUCT_BUNDLE_IDENTIFIER = Costa.EssentialAppTests;
				PRODUCT_NAME = "$(TARGET_NAME)";
				SWIFT_EMIT_LOC_STRINGS = NO;
				SWIFT_VERSION = 5.0;
				TARGETED_DEVICE_FAMILY = "1,2";
				TEST_HOST = "$(BUILT_PRODUCTS_DIR)/EssentialApp.app/$(BUNDLE_EXECUTABLE_FOLDER_PATH)/EssentialApp";
			};
			name = Release;
		};
/* End XCBuildConfiguration section */

/* Begin XCConfigurationList section */
		4449DDA32A93B6E3005A9D2E /* Build configuration list for PBXProject "EssentialApp" */ = {
			isa = XCConfigurationList;
			buildConfigurations = (
				4449DDD02A93B6E4005A9D2E /* Debug */,
				4449DDD12A93B6E4005A9D2E /* Release */,
			);
			defaultConfigurationIsVisible = 0;
			defaultConfigurationName = Release;
		};
		4449DDD22A93B6E4005A9D2E /* Build configuration list for PBXNativeTarget "EssentialApp" */ = {
			isa = XCConfigurationList;
			buildConfigurations = (
				4449DDD32A93B6E4005A9D2E /* Debug */,
				4449DDD42A93B6E4005A9D2E /* Release */,
			);
			defaultConfigurationIsVisible = 0;
			defaultConfigurationName = Release;
		};
		4449DDD52A93B6E4005A9D2E /* Build configuration list for PBXNativeTarget "EssentialAppTests" */ = {
			isa = XCConfigurationList;
			buildConfigurations = (
				4449DDD62A93B6E4005A9D2E /* Debug */,
				4449DDD72A93B6E4005A9D2E /* Release */,
			);
			defaultConfigurationIsVisible = 0;
			defaultConfigurationName = Release;
		};
/* End XCConfigurationList section */
	};
	rootObject = 4449DDA02A93B6E3005A9D2E /* Project object */;
}
